
Microsoft Visual Studio Solution File, Format Version 12.00
# Visual Studio 15
VisualStudioVersion = 15.0.27130.2024
MinimumVisualStudioVersion = 10.0.40219.1
Project("{F184B08F-C81C-45F6-A57F-5ABD9991F28F}") = "ClassLibraryEmpleado", "ClassLibraryEmpleado\ClassLibraryEmpleado.vbproj", "{6BA96758-03A9-4FD6-8D07-23418A0EA81C}"
EndProject
Global
	GlobalSection(SolutionConfigurationPlatforms) = preSolution
		Debug|Any CPU = Debug|Any CPU
		Release|Any CPU = Release|Any CPU
	EndGlobalSection
	GlobalSection(ProjectConfigurationPlatforms) = postSolution
		{6BA96758-03A9-4FD6-8D07-23418A0EA81C}.Debug|Any CPU.ActiveCfg = Debug|Any CPU
		{6BA96758-03A9-4FD6-8D07-23418A0EA81C}.Debug|Any CPU.Build.0 = Debug|Any CPU
		{6BA96758-03A9-4FD6-8D07-23418A0EA81C}.Release|Any CPU.ActiveCfg = Release|Any CPU
		{6BA96758-03A9-4FD6-8D07-23418A0EA81C}.Release|Any CPU.Build.0 = Release|Any CPU
	EndGlobalSection
	GlobalSection(SolutionProperties) = preSolution
		HideSolutionNode = FALSE
	EndGlobalSection
	GlobalSection(ExtensibilityGlobals) = postSolution
		SolutionGuid = {78C4881D-D57A-4F26-95AD-3E3A05731C18}
	EndGlobalSection
EndGlobal
