
Microsoft Visual Studio Solution File, Format Version 12.00
# Visual Studio 15
VisualStudioVersion = 15.0.27130.2024
MinimumVisualStudioVersion = 10.0.40219.1
Project("{F184B08F-C81C-45F6-A57F-5ABD9991F28F}") = "ClassLibraryPokedex", "ClassLibraryPokedex\ClassLibraryPokedex.vbproj", "{823A6A73-390C-48DB-A1EC-2F916036391A}"
EndProject
Global
	GlobalSection(SolutionConfigurationPlatforms) = preSolution
		Debug|Any CPU = Debug|Any CPU
		Release|Any CPU = Release|Any CPU
	EndGlobalSection
	GlobalSection(ProjectConfigurationPlatforms) = postSolution
		{823A6A73-390C-48DB-A1EC-2F916036391A}.Debug|Any CPU.ActiveCfg = Debug|Any CPU
		{823A6A73-390C-48DB-A1EC-2F916036391A}.Debug|Any CPU.Build.0 = Debug|Any CPU
		{823A6A73-390C-48DB-A1EC-2F916036391A}.Release|Any CPU.ActiveCfg = Release|Any CPU
		{823A6A73-390C-48DB-A1EC-2F916036391A}.Release|Any CPU.Build.0 = Release|Any CPU
	EndGlobalSection
	GlobalSection(SolutionProperties) = preSolution
		HideSolutionNode = FALSE
	EndGlobalSection
	GlobalSection(ExtensibilityGlobals) = postSolution
		SolutionGuid = {AFB90291-C56A-4D48-9587-1D38CAED0B83}
	EndGlobalSection
EndGlobal
