
Microsoft Visual Studio Solution File, Format Version 12.00
# Visual Studio 15
VisualStudioVersion = 15.0.27130.2024
MinimumVisualStudioVersion = 10.0.40219.1
Project("{F184B08F-C81C-45F6-A57F-5ABD9991F28F}") = "AppSocio", "AppSocio\AppSocio.vbproj", "{6E2C6C5C-6C3A-4E29-B433-BAE17D8EB79C}"
EndProject
Global
	GlobalSection(SolutionConfigurationPlatforms) = preSolution
		Debug|Any CPU = Debug|Any CPU
		Release|Any CPU = Release|Any CPU
	EndGlobalSection
	GlobalSection(ProjectConfigurationPlatforms) = postSolution
		{6E2C6C5C-6C3A-4E29-B433-BAE17D8EB79C}.Debug|Any CPU.ActiveCfg = Debug|Any CPU
		{6E2C6C5C-6C3A-4E29-B433-BAE17D8EB79C}.Debug|Any CPU.Build.0 = Debug|Any CPU
		{6E2C6C5C-6C3A-4E29-B433-BAE17D8EB79C}.Release|Any CPU.ActiveCfg = Release|Any CPU
		{6E2C6C5C-6C3A-4E29-B433-BAE17D8EB79C}.Release|Any CPU.Build.0 = Release|Any CPU
	EndGlobalSection
	GlobalSection(SolutionProperties) = preSolution
		HideSolutionNode = FALSE
	EndGlobalSection
	GlobalSection(ExtensibilityGlobals) = postSolution
		SolutionGuid = {1AB4C214-5198-4709-A0B7-3B47ECA13596}
	EndGlobalSection
EndGlobal
