
Microsoft Visual Studio Solution File, Format Version 12.00
# Visual Studio 15
VisualStudioVersion = 15.0.27130.2024
MinimumVisualStudioVersion = 10.0.40219.1
Project("{FAE04EC0-301F-11D3-BF4B-00C04F79EFBC}") = "ClassSocio", "ClassSocio\ClassSocio.csproj", "{B9167255-1A11-4F0C-A2C3-C719D71C4D9C}"
EndProject
Global
	GlobalSection(SolutionConfigurationPlatforms) = preSolution
		Debug|Any CPU = Debug|Any CPU
		Release|Any CPU = Release|Any CPU
	EndGlobalSection
	GlobalSection(ProjectConfigurationPlatforms) = postSolution
		{B9167255-1A11-4F0C-A2C3-C719D71C4D9C}.Debug|Any CPU.ActiveCfg = Debug|Any CPU
		{B9167255-1A11-4F0C-A2C3-C719D71C4D9C}.Debug|Any CPU.Build.0 = Debug|Any CPU
		{B9167255-1A11-4F0C-A2C3-C719D71C4D9C}.Release|Any CPU.ActiveCfg = Release|Any CPU
		{B9167255-1A11-4F0C-A2C3-C719D71C4D9C}.Release|Any CPU.Build.0 = Release|Any CPU
	EndGlobalSection
	GlobalSection(SolutionProperties) = preSolution
		HideSolutionNode = FALSE
	EndGlobalSection
	GlobalSection(ExtensibilityGlobals) = postSolution
		SolutionGuid = {70928768-F7DA-4561-B934-80055F5A3945}
	EndGlobalSection
EndGlobal
