
Microsoft Visual Studio Solution File, Format Version 12.00
# Visual Studio 15
VisualStudioVersion = 15.0.27130.2024
MinimumVisualStudioVersion = 10.0.40219.1
Project("{F184B08F-C81C-45F6-A57F-5ABD9991F28F}") = "Paquete de Fiestas", "Paquete de Fiestas\Paquete de Fiestas.vbproj", "{7682B2C4-81B8-4E05-840F-29B65EA5513F}"
EndProject
Global
	GlobalSection(SolutionConfigurationPlatforms) = preSolution
		Debug|Any CPU = Debug|Any CPU
		Release|Any CPU = Release|Any CPU
	EndGlobalSection
	GlobalSection(ProjectConfigurationPlatforms) = postSolution
		{7682B2C4-81B8-4E05-840F-29B65EA5513F}.Debug|Any CPU.ActiveCfg = Debug|Any CPU
		{7682B2C4-81B8-4E05-840F-29B65EA5513F}.Debug|Any CPU.Build.0 = Debug|Any CPU
		{7682B2C4-81B8-4E05-840F-29B65EA5513F}.Release|Any CPU.ActiveCfg = Release|Any CPU
		{7682B2C4-81B8-4E05-840F-29B65EA5513F}.Release|Any CPU.Build.0 = Release|Any CPU
	EndGlobalSection
	GlobalSection(SolutionProperties) = preSolution
		HideSolutionNode = FALSE
	EndGlobalSection
	GlobalSection(ExtensibilityGlobals) = postSolution
		SolutionGuid = {D43F40A8-BC52-4631-AB9B-C27863E8FEFC}
	EndGlobalSection
EndGlobal
